
Microsoft Visual Studio Solution File, Format Version 11.00
# Visual Studio 2010
Project("{FAE04EC0-301F-11D3-BF4B-00C04F79EFBC}") = "OrganicMoleculeNamer", "OrganicMoleculeNamer\OrganicMoleculeNamer.csproj", "{D0566090-3B58-4F9D-A496-242A06676EC9}"
EndProject
Project("{FAE04EC0-301F-11D3-BF4B-00C04F79EFBC}") = "Chemistry", "Chemistry\Chemistry.csproj", "{25A6C27A-4287-4337-930B-D3D15F987BA4}"
EndProject
Global
	GlobalSection(SolutionConfigurationPlatforms) = preSolution
		Debug|x86 = Debug|x86
		Release|x86 = Release|x86
	EndGlobalSection
	GlobalSection(ProjectConfigurationPlatforms) = postSolution
		{D0566090-3B58-4F9D-A496-242A06676EC9}.Debug|x86.ActiveCfg = Debug|x86
		{D0566090-3B58-4F9D-A496-242A06676EC9}.Debug|x86.Build.0 = Debug|x86
		{D0566090-3B58-4F9D-A496-242A06676EC9}.Release|x86.ActiveCfg = Release|x86
		{D0566090-3B58-4F9D-A496-242A06676EC9}.Release|x86.Build.0 = Release|x86
		{25A6C27A-4287-4337-930B-D3D15F987BA4}.Debug|x86.ActiveCfg = Debug|x86
		{25A6C27A-4287-4337-930B-D3D15F987BA4}.Debug|x86.Build.0 = Debug|x86
		{25A6C27A-4287-4337-930B-D3D15F987BA4}.Release|x86.ActiveCfg = Release|x86
		{25A6C27A-4287-4337-930B-D3D15F987BA4}.Release|x86.Build.0 = Release|x86
	EndGlobalSection
	GlobalSection(SolutionProperties) = preSolution
		HideSolutionNode = FALSE
	EndGlobalSection
EndGlobal
